
Microsoft Visual Studio Solution File, Format Version 12.00
# Visual Studio Version 17
VisualStudioVersion = 17.5.002.0
MinimumVisualStudioVersion = 10.0.40219.1
Project("{9A19103F-16F7-4668-BE54-9A1E7A4F7556}") = "ConhecendoEstruturasdeRepitiçãoemC#", "ConhecendoEstruturasdeRepitiçãoemC#.csproj", "{7177C88C-2B9B-4502-92DF-3DCC3EB3F660}"
EndProject
Global
	GlobalSection(SolutionConfigurationPlatforms) = preSolution
		Debug|Any CPU = Debug|Any CPU
		Release|Any CPU = Release|Any CPU
	EndGlobalSection
	GlobalSection(ProjectConfigurationPlatforms) = postSolution
		{7177C88C-2B9B-4502-92DF-3DCC3EB3F660}.Debug|Any CPU.ActiveCfg = Debug|Any CPU
		{7177C88C-2B9B-4502-92DF-3DCC3EB3F660}.Debug|Any CPU.Build.0 = Debug|Any CPU
		{7177C88C-2B9B-4502-92DF-3DCC3EB3F660}.Release|Any CPU.ActiveCfg = Release|Any CPU
		{7177C88C-2B9B-4502-92DF-3DCC3EB3F660}.Release|Any CPU.Build.0 = Release|Any CPU
	EndGlobalSection
	GlobalSection(SolutionProperties) = preSolution
		HideSolutionNode = FALSE
	EndGlobalSection
	GlobalSection(ExtensibilityGlobals) = postSolution
		SolutionGuid = {A5245A1F-F66D-48C1-B370-37EA6E38E5AF}
	EndGlobalSection
EndGlobal
